
Microsoft Visual Studio Solution File, Format Version 12.00
# Visual Studio Version 16
VisualStudioVersion = 16.0.30523.141
MinimumVisualStudioVersion = 10.0.40219.1
Project("{9A19103F-16F7-4668-BE54-9A1E7A4F7556}") = "CG.Sms.Twilio", "CG.Sms.Twilio\CG.Sms.Twilio.csproj", "{7CF94229-5048-40B4-8F89-C33ACDD55490}"
EndProject
Project("{9A19103F-16F7-4668-BE54-9A1E7A4F7556}") = "CG.Sms.Twilio.Tests", "..\tests\CG.Sms.Twilio.Tests\CG.Sms.Twilio.Tests.csproj", "{EE0EAC34-9F51-408A-83F6-D359D5F88EA9}"
EndProject
Global
	GlobalSection(SolutionConfigurationPlatforms) = preSolution
		Debug|Any CPU = Debug|Any CPU
		Release|Any CPU = Release|Any CPU
	EndGlobalSection
	GlobalSection(ProjectConfigurationPlatforms) = postSolution
		{7CF94229-5048-40B4-8F89-C33ACDD55490}.Debug|Any CPU.ActiveCfg = Debug|Any CPU
		{7CF94229-5048-40B4-8F89-C33ACDD55490}.Debug|Any CPU.Build.0 = Debug|Any CPU
		{7CF94229-5048-40B4-8F89-C33ACDD55490}.Release|Any CPU.ActiveCfg = Release|Any CPU
		{7CF94229-5048-40B4-8F89-C33ACDD55490}.Release|Any CPU.Build.0 = Release|Any CPU
		{EE0EAC34-9F51-408A-83F6-D359D5F88EA9}.Debug|Any CPU.ActiveCfg = Debug|Any CPU
		{EE0EAC34-9F51-408A-83F6-D359D5F88EA9}.Debug|Any CPU.Build.0 = Debug|Any CPU
		{EE0EAC34-9F51-408A-83F6-D359D5F88EA9}.Release|Any CPU.ActiveCfg = Release|Any CPU
		{EE0EAC34-9F51-408A-83F6-D359D5F88EA9}.Release|Any CPU.Build.0 = Release|Any CPU
	EndGlobalSection
	GlobalSection(SolutionProperties) = preSolution
		HideSolutionNode = FALSE
	EndGlobalSection
	GlobalSection(ExtensibilityGlobals) = postSolution
		SolutionGuid = {EFB4FAB8-467F-4C4D-BD64-E536655D4CF1}
	EndGlobalSection
EndGlobal
